{
  "name": "telegram-bot",
  "version": "1.0.0",
  "description": "Telegram Bot",
  "main": "index.js",
  "scripts": {
    "start": "node index.js",
    "dev": "nodemon index.js"
  },
  "keywords": ["telegram", "bot"],
  "author": "",
  "license": "ISC",
  "engines": {
    "node": ">=18.x"
  },
  "dependencies": {
    "@supabase/supabase-js": "^2.90.1",
    "body-parser": "^2.2.2",
    "dotenv": "^16.4.7",
    "express": "^4.21.2",
    "node-telegram-bot-api": "^0.67.0"
  }
}
